
Microsoft Visual Studio Solution File, Format Version 12.00
# Visual Studio Version 17
VisualStudioVersion = 17.5.002.0
MinimumVisualStudioVersion = 10.0.40219.1
Project("{9A19103F-16F7-4668-BE54-9A1E7A4F7556}") = "Sem1Task1", "Sem1Task1\Sem1Task1.csproj", "{0536A6B1-9634-4484-B66A-A1E08E2DB03F}"
EndProject
Global
	GlobalSection(SolutionConfigurationPlatforms) = preSolution
		Debug|Any CPU = Debug|Any CPU
		Release|Any CPU = Release|Any CPU
	EndGlobalSection
	GlobalSection(ProjectConfigurationPlatforms) = postSolution
		{0536A6B1-9634-4484-B66A-A1E08E2DB03F}.Debug|Any CPU.ActiveCfg = Debug|Any CPU
		{0536A6B1-9634-4484-B66A-A1E08E2DB03F}.Debug|Any CPU.Build.0 = Debug|Any CPU
		{0536A6B1-9634-4484-B66A-A1E08E2DB03F}.Release|Any CPU.ActiveCfg = Release|Any CPU
		{0536A6B1-9634-4484-B66A-A1E08E2DB03F}.Release|Any CPU.Build.0 = Release|Any CPU
	EndGlobalSection
	GlobalSection(SolutionProperties) = preSolution
		HideSolutionNode = FALSE
	EndGlobalSection
	GlobalSection(ExtensibilityGlobals) = postSolution
		SolutionGuid = {D02F0B5B-4274-468C-BC57-AB0BAFA7FB56}
	EndGlobalSection
EndGlobal
